
Microsoft Visual Studio Solution File, Format Version 12.00
# Visual Studio Version 16
VisualStudioVersion = 16.0.30114.105
MinimumVisualStudioVersion = 10.0.40219.1
Project("{2150E333-8FDC-42A3-9474-1A3956D46DE8}") = "src", "src", "{74D95657-7BC6-409F-8484-F963A128764A}"
EndProject
Project("{FAE04EC0-301F-11D3-BF4B-00C04F79EFBC}") = "ApolloFederation", "src\ApolloFederation\HotChocolate.ApolloFederation.csproj", "{46D3566C-FBBC-46BB-A9AB-454F348A003E}"
EndProject
Project("{2150E333-8FDC-42A3-9474-1A3956D46DE8}") = "test", "test", "{EA937CAB-A9B1-474E-BF2A-A45399561B2E}"
EndProject
Project("{FAE04EC0-301F-11D3-BF4B-00C04F79EFBC}") = "ApolloFederation.Tests", "test\ApolloFederation.Tests\HotChocolate.ApolloFederation.Tests.csproj", "{3B96CAE2-A6C0-4BA6-A21B-1CBFE6EF7A16}"
EndProject
Project("{2150E333-8FDC-42A3-9474-1A3956D46DE8}") = "examples", "examples", "{82050CA3-2111-49D6-B682-EA22191ADB99}"
EndProject
Project("{2150E333-8FDC-42A3-9474-1A3956D46DE8}") = "AnnotationBased", "AnnotationBased", "{E296D200-558C-4217-95C3-C239C88955D8}"
EndProject
Project("{FAE04EC0-301F-11D3-BF4B-00C04F79EFBC}") = "Accounts", "examples\AnnotationBased\Accounts\Accounts.csproj", "{27A5C157-B595-4158-8D58-8E5559A14E39}"
EndProject
Project("{FAE04EC0-301F-11D3-BF4B-00C04F79EFBC}") = "Products", "examples\AnnotationBased\Products\Products.csproj", "{7CD8650E-6358-40AB-9376-E0DB36B91C33}"
EndProject
Project("{FAE04EC0-301F-11D3-BF4B-00C04F79EFBC}") = "Inventory", "examples\AnnotationBased\Inventory\Inventory.csproj", "{919C2EDB-72D7-476E-919F-521BCA6A2C90}"
EndProject
Project("{FAE04EC0-301F-11D3-BF4B-00C04F79EFBC}") = "Reviews", "examples\AnnotationBased\Reviews\Reviews.csproj", "{FFE872A7-6686-4820-86F4-C081714CEFD8}"
EndProject
Project("{2150E333-8FDC-42A3-9474-1A3956D46DE8}") = "CodeFirst", "CodeFirst", "{4FC21B51-8DAB-487D-BF66-32E674417EAB}"
EndProject
Project("{FAE04EC0-301F-11D3-BF4B-00C04F79EFBC}") = "Accounts", "examples\CodeFirst\Accounts\Accounts.csproj", "{02272634-995C-44CE-B0E6-E9CFCDE21432}"
EndProject
Project("{FAE04EC0-301F-11D3-BF4B-00C04F79EFBC}") = "Products", "examples\CodeFirst\Products\Products.csproj", "{4DA1ECA1-5AAF-465D-A2C7-DECA20DC1065}"
EndProject
Project("{FAE04EC0-301F-11D3-BF4B-00C04F79EFBC}") = "Inventory", "examples\CodeFirst\Inventory\Inventory.csproj", "{7C107B4E-9BDE-4944-AAF3-EA8110D04F33}"
EndProject
Project("{FAE04EC0-301F-11D3-BF4B-00C04F79EFBC}") = "Reviews", "examples\CodeFirst\Reviews\Reviews.csproj", "{D662DB3B-CB78-49A1-B45B-E518746C4DAF}"
EndProject
Project("{FAE04EC0-301F-11D3-BF4B-00C04F79EFBC}") = "GreenDonut", "..\..\GreenDonut\src\Core\GreenDonut.csproj", "{0A65B69F-AA07-4D3F-A57E-DD48ECB69836}"
EndProject
Project("{FAE04EC0-301F-11D3-BF4B-00C04F79EFBC}") = "GreenDonut.Tests", "..\..\GreenDonut\test\Core.Tests\GreenDonut.Tests.csproj", "{123CE5C5-E0D2-4D24-9740-605209F3192D}"
EndProject
Project("{FAE04EC0-301F-11D3-BF4B-00C04F79EFBC}") = "HotChocolate.Core", "..\Core\src\Core\HotChocolate.Core.csproj", "{C4593551-9871-43B0-A680-CB58E354314F}"
EndProject
Project("{2150E333-8FDC-42A3-9474-1A3956D46DE8}") = "referenced", "referenced", "{FB1AF9E5-BBD2-4868-BE30-82B122903681}"
EndProject
Project("{FAE04EC0-301F-11D3-BF4B-00C04F79EFBC}") = "HotChocolate.Abstractions", "..\Core\src\Abstractions\HotChocolate.Abstractions.csproj", "{F853CFC9-797A-4AA1-B668-8665C096F1C6}"
EndProject
Project("{FAE04EC0-301F-11D3-BF4B-00C04F79EFBC}") = "HotChocolate.Authorization", "..\Core\src\Authorization\HotChocolate.Authorization.csproj", "{53D4C3E9-9880-415D-A7BE-A68D1368AF9E}"
EndProject
Project("{FAE04EC0-301F-11D3-BF4B-00C04F79EFBC}") = "HotChocolate.Execution.Abstractions", "..\Core\src\Execution.Abstractions\HotChocolate.Execution.Abstractions.csproj", "{243CA81F-F6AB-4551-B7A1-BBF224400DF5}"
EndProject
Project("{FAE04EC0-301F-11D3-BF4B-00C04F79EFBC}") = "HotChocolate.Fetching", "..\Core\src\Fetching\HotChocolate.Fetching.csproj", "{BC94D91D-BB50-49FF-8D1D-5799F754218B}"
EndProject
Project("{FAE04EC0-301F-11D3-BF4B-00C04F79EFBC}") = "HotChocolate.Language", "..\Language\src\Language\HotChocolate.Language.csproj", "{A89563D9-AF2A-4FB9-A0C7-BA5BD173E10C}"
EndProject
Project("{FAE04EC0-301F-11D3-BF4B-00C04F79EFBC}") = "HotChocolate.Language.SyntaxTree", "..\Language\src\Language.SyntaxTree\HotChocolate.Language.SyntaxTree.csproj", "{492A0574-1856-46CD-8DB7-6CF9FC37BC95}"
EndProject
Project("{FAE04EC0-301F-11D3-BF4B-00C04F79EFBC}") = "HotChocolate.Language.Utf8", "..\Language\src\Language.Utf8\HotChocolate.Language.Utf8.csproj", "{11DBFFA7-B411-41AE-BB47-E41D7DF775B0}"
EndProject
Project("{FAE04EC0-301F-11D3-BF4B-00C04F79EFBC}") = "HotChocolate.Language.Visitors", "..\Language\src\Language.Visitors\HotChocolate.Language.Visitors.csproj", "{11EC055C-494E-4DF7-B63B-7EC77C8851EB}"
EndProject
Project("{FAE04EC0-301F-11D3-BF4B-00C04F79EFBC}") = "HotChocolate.Language.Web", "..\Language\src\Language.Web\HotChocolate.Language.Web.csproj", "{939B81D9-573C-477A-88D0-F9709583FA1B}"
EndProject
Project("{FAE04EC0-301F-11D3-BF4B-00C04F79EFBC}") = "HotChocolate.Types.CursorPagination", "..\Core\src\Types.CursorPagination\HotChocolate.Types.CursorPagination.csproj", "{632FE025-0162-4BFE-B3D8-ABB085C6DC10}"
EndProject
Project("{FAE04EC0-301F-11D3-BF4B-00C04F79EFBC}") = "HotChocolate.Types", "..\Core\src\Types\HotChocolate.Types.csproj", "{0ADA0276-DDA4-4B9E-94AC-AA5E11EA7803}"
EndProject
Project("{FAE04EC0-301F-11D3-BF4B-00C04F79EFBC}") = "HotChocolate.Types.Mutations", "..\Core\src\Types.Mutations\HotChocolate.Types.Mutations.csproj", "{B3B04EBB-EE11-4D68-84A5-E1C663C07019}"
EndProject
Project("{FAE04EC0-301F-11D3-BF4B-00C04F79EFBC}") = "HotChocolate.Types.OffsetPagination", "..\Core\src\Types.OffsetPagination\HotChocolate.Types.OffsetPagination.csproj", "{90889636-2583-4BD1-B608-4C19485FB71B}"
EndProject
Project("{FAE04EC0-301F-11D3-BF4B-00C04F79EFBC}") = "HotChocolate.Utilities", "..\Utilities\src\Utilities\HotChocolate.Utilities.csproj", "{DE15C2AB-B129-4ECF-BE5A-F16D87B6143A}"
EndProject
Project("{FAE04EC0-301F-11D3-BF4B-00C04F79EFBC}") = "HotChocolate.Utilities.Introspection", "..\Utilities\src\Utilities.Introspection\HotChocolate.Utilities.Introspection.csproj", "{DC6E27F0-E650-471F-AE54-74585AEFCBD2}"
EndProject
Project("{FAE04EC0-301F-11D3-BF4B-00C04F79EFBC}") = "HotChocolate.Validation", "..\Core\src\Validation\HotChocolate.Validation.csproj", "{F32D75B9-660B-4611-A1F4-189E97AD7F9B}"
EndProject
Project("{FAE04EC0-301F-11D3-BF4B-00C04F79EFBC}") = "HotChocolate.Execution", "..\Core\src\Execution\HotChocolate.Execution.csproj", "{4FE60B99-76FD-487F-9A44-974227F82D26}"
EndProject
Global
	GlobalSection(SolutionConfigurationPlatforms) = preSolution
		Debug|Any CPU = Debug|Any CPU
		Release|Any CPU = Release|Any CPU
	EndGlobalSection
	GlobalSection(SolutionProperties) = preSolution
		HideSolutionNode = FALSE
	EndGlobalSection
	GlobalSection(ProjectConfigurationPlatforms) = postSolution
		{46D3566C-FBBC-46BB-A9AB-454F348A003E}.Debug|Any CPU.ActiveCfg = Debug|Any CPU
		{46D3566C-FBBC-46BB-A9AB-454F348A003E}.Debug|Any CPU.Build.0 = Debug|Any CPU
		{46D3566C-FBBC-46BB-A9AB-454F348A003E}.Release|Any CPU.ActiveCfg = Release|Any CPU
		{46D3566C-FBBC-46BB-A9AB-454F348A003E}.Release|Any CPU.Build.0 = Release|Any CPU
		{3B96CAE2-A6C0-4BA6-A21B-1CBFE6EF7A16}.Debug|Any CPU.ActiveCfg = Debug|Any CPU
		{3B96CAE2-A6C0-4BA6-A21B-1CBFE6EF7A16}.Debug|Any CPU.Build.0 = Debug|Any CPU
		{3B96CAE2-A6C0-4BA6-A21B-1CBFE6EF7A16}.Release|Any CPU.ActiveCfg = Release|Any CPU
		{3B96CAE2-A6C0-4BA6-A21B-1CBFE6EF7A16}.Release|Any CPU.Build.0 = Release|Any CPU
		{27A5C157-B595-4158-8D58-8E5559A14E39}.Debug|Any CPU.ActiveCfg = Debug|Any CPU
		{27A5C157-B595-4158-8D58-8E5559A14E39}.Debug|Any CPU.Build.0 = Debug|Any CPU
		{27A5C157-B595-4158-8D58-8E5559A14E39}.Release|Any CPU.ActiveCfg = Release|Any CPU
		{27A5C157-B595-4158-8D58-8E5559A14E39}.Release|Any CPU.Build.0 = Release|Any CPU
		{7CD8650E-6358-40AB-9376-E0DB36B91C33}.Debug|Any CPU.ActiveCfg = Debug|Any CPU
		{7CD8650E-6358-40AB-9376-E0DB36B91C33}.Debug|Any CPU.Build.0 = Debug|Any CPU
		{7CD8650E-6358-40AB-9376-E0DB36B91C33}.Release|Any CPU.ActiveCfg = Release|Any CPU
		{7CD8650E-6358-40AB-9376-E0DB36B91C33}.Release|Any CPU.Build.0 = Release|Any CPU
		{919C2EDB-72D7-476E-919F-521BCA6A2C90}.Debug|Any CPU.ActiveCfg = Debug|Any CPU
		{919C2EDB-72D7-476E-919F-521BCA6A2C90}.Debug|Any CPU.Build.0 = Debug|Any CPU
		{919C2EDB-72D7-476E-919F-521BCA6A2C90}.Release|Any CPU.ActiveCfg = Release|Any CPU
		{919C2EDB-72D7-476E-919F-521BCA6A2C90}.Release|Any CPU.Build.0 = Release|Any CPU
		{FFE872A7-6686-4820-86F4-C081714CEFD8}.Debug|Any CPU.ActiveCfg = Debug|Any CPU
		{FFE872A7-6686-4820-86F4-C081714CEFD8}.Debug|Any CPU.Build.0 = Debug|Any CPU
		{FFE872A7-6686-4820-86F4-C081714CEFD8}.Release|Any CPU.ActiveCfg = Release|Any CPU
		{FFE872A7-6686-4820-86F4-C081714CEFD8}.Release|Any CPU.Build.0 = Release|Any CPU
		{02272634-995C-44CE-B0E6-E9CFCDE21432}.Debug|Any CPU.ActiveCfg = Debug|Any CPU
		{02272634-995C-44CE-B0E6-E9CFCDE21432}.Debug|Any CPU.Build.0 = Debug|Any CPU
		{02272634-995C-44CE-B0E6-E9CFCDE21432}.Release|Any CPU.ActiveCfg = Release|Any CPU
		{02272634-995C-44CE-B0E6-E9CFCDE21432}.Release|Any CPU.Build.0 = Release|Any CPU
		{4DA1ECA1-5AAF-465D-A2C7-DECA20DC1065}.Debug|Any CPU.ActiveCfg = Debug|Any CPU
		{4DA1ECA1-5AAF-465D-A2C7-DECA20DC1065}.Debug|Any CPU.Build.0 = Debug|Any CPU
		{4DA1ECA1-5AAF-465D-A2C7-DECA20DC1065}.Release|Any CPU.ActiveCfg = Release|Any CPU
		{4DA1ECA1-5AAF-465D-A2C7-DECA20DC1065}.Release|Any CPU.Build.0 = Release|Any CPU
		{7C107B4E-9BDE-4944-AAF3-EA8110D04F33}.Debug|Any CPU.ActiveCfg = Debug|Any CPU
		{7C107B4E-9BDE-4944-AAF3-EA8110D04F33}.Debug|Any CPU.Build.0 = Debug|Any CPU
		{7C107B4E-9BDE-4944-AAF3-EA8110D04F33}.Release|Any CPU.ActiveCfg = Release|Any CPU
		{7C107B4E-9BDE-4944-AAF3-EA8110D04F33}.Release|Any CPU.Build.0 = Release|Any CPU
		{D662DB3B-CB78-49A1-B45B-E518746C4DAF}.Debug|Any CPU.ActiveCfg = Debug|Any CPU
		{D662DB3B-CB78-49A1-B45B-E518746C4DAF}.Debug|Any CPU.Build.0 = Debug|Any CPU
		{D662DB3B-CB78-49A1-B45B-E518746C4DAF}.Release|Any CPU.ActiveCfg = Release|Any CPU
		{D662DB3B-CB78-49A1-B45B-E518746C4DAF}.Release|Any CPU.Build.0 = Release|Any CPU
		{0A65B69F-AA07-4D3F-A57E-DD48ECB69836}.Debug|Any CPU.ActiveCfg = Debug|Any CPU
		{0A65B69F-AA07-4D3F-A57E-DD48ECB69836}.Debug|Any CPU.Build.0 = Debug|Any CPU
		{0A65B69F-AA07-4D3F-A57E-DD48ECB69836}.Release|Any CPU.ActiveCfg = Release|Any CPU
		{0A65B69F-AA07-4D3F-A57E-DD48ECB69836}.Release|Any CPU.Build.0 = Release|Any CPU
		{123CE5C5-E0D2-4D24-9740-605209F3192D}.Debug|Any CPU.ActiveCfg = Debug|Any CPU
		{123CE5C5-E0D2-4D24-9740-605209F3192D}.Debug|Any CPU.Build.0 = Debug|Any CPU
		{123CE5C5-E0D2-4D24-9740-605209F3192D}.Release|Any CPU.ActiveCfg = Release|Any CPU
		{123CE5C5-E0D2-4D24-9740-605209F3192D}.Release|Any CPU.Build.0 = Release|Any CPU
		{C4593551-9871-43B0-A680-CB58E354314F}.Debug|Any CPU.ActiveCfg = Debug|Any CPU
		{C4593551-9871-43B0-A680-CB58E354314F}.Debug|Any CPU.Build.0 = Debug|Any CPU
		{C4593551-9871-43B0-A680-CB58E354314F}.Release|Any CPU.ActiveCfg = Release|Any CPU
		{C4593551-9871-43B0-A680-CB58E354314F}.Release|Any CPU.Build.0 = Release|Any CPU
		{F853CFC9-797A-4AA1-B668-8665C096F1C6}.Debug|Any CPU.ActiveCfg = Debug|Any CPU
		{F853CFC9-797A-4AA1-B668-8665C096F1C6}.Debug|Any CPU.Build.0 = Debug|Any CPU
		{F853CFC9-797A-4AA1-B668-8665C096F1C6}.Release|Any CPU.ActiveCfg = Release|Any CPU
		{F853CFC9-797A-4AA1-B668-8665C096F1C6}.Release|Any CPU.Build.0 = Release|Any CPU
		{53D4C3E9-9880-415D-A7BE-A68D1368AF9E}.Debug|Any CPU.ActiveCfg = Debug|Any CPU
		{53D4C3E9-9880-415D-A7BE-A68D1368AF9E}.Debug|Any CPU.Build.0 = Debug|Any CPU
		{53D4C3E9-9880-415D-A7BE-A68D1368AF9E}.Release|Any CPU.ActiveCfg = Release|Any CPU
		{53D4C3E9-9880-415D-A7BE-A68D1368AF9E}.Release|Any CPU.Build.0 = Release|Any CPU
		{243CA81F-F6AB-4551-B7A1-BBF224400DF5}.Debug|Any CPU.ActiveCfg = Debug|Any CPU
		{243CA81F-F6AB-4551-B7A1-BBF224400DF5}.Debug|Any CPU.Build.0 = Debug|Any CPU
		{243CA81F-F6AB-4551-B7A1-BBF224400DF5}.Release|Any CPU.ActiveCfg = Release|Any CPU
		{243CA81F-F6AB-4551-B7A1-BBF224400DF5}.Release|Any CPU.Build.0 = Release|Any CPU
		{BC94D91D-BB50-49FF-8D1D-5799F754218B}.Debug|Any CPU.ActiveCfg = Debug|Any CPU
		{BC94D91D-BB50-49FF-8D1D-5799F754218B}.Debug|Any CPU.Build.0 = Debug|Any CPU
		{BC94D91D-BB50-49FF-8D1D-5799F754218B}.Release|Any CPU.ActiveCfg = Release|Any CPU
		{BC94D91D-BB50-49FF-8D1D-5799F754218B}.Release|Any CPU.Build.0 = Release|Any CPU
		{A89563D9-AF2A-4FB9-A0C7-BA5BD173E10C}.Debug|Any CPU.ActiveCfg = Debug|Any CPU
		{A89563D9-AF2A-4FB9-A0C7-BA5BD173E10C}.Debug|Any CPU.Build.0 = Debug|Any CPU
		{A89563D9-AF2A-4FB9-A0C7-BA5BD173E10C}.Release|Any CPU.ActiveCfg = Release|Any CPU
		{A89563D9-AF2A-4FB9-A0C7-BA5BD173E10C}.Release|Any CPU.Build.0 = Release|Any CPU
		{492A0574-1856-46CD-8DB7-6CF9FC37BC95}.Debug|Any CPU.ActiveCfg = Debug|Any CPU
		{492A0574-1856-46CD-8DB7-6CF9FC37BC95}.Debug|Any CPU.Build.0 = Debug|Any CPU
		{492A0574-1856-46CD-8DB7-6CF9FC37BC95}.Release|Any CPU.ActiveCfg = Release|Any CPU
		{492A0574-1856-46CD-8DB7-6CF9FC37BC95}.Release|Any CPU.Build.0 = Release|Any CPU
		{11DBFFA7-B411-41AE-BB47-E41D7DF775B0}.Debug|Any CPU.ActiveCfg = Debug|Any CPU
		{11DBFFA7-B411-41AE-BB47-E41D7DF775B0}.Debug|Any CPU.Build.0 = Debug|Any CPU
		{11DBFFA7-B411-41AE-BB47-E41D7DF775B0}.Release|Any CPU.ActiveCfg = Release|Any CPU
		{11DBFFA7-B411-41AE-BB47-E41D7DF775B0}.Release|Any CPU.Build.0 = Release|Any CPU
		{11EC055C-494E-4DF7-B63B-7EC77C8851EB}.Debug|Any CPU.ActiveCfg = Debug|Any CPU
		{11EC055C-494E-4DF7-B63B-7EC77C8851EB}.Debug|Any CPU.Build.0 = Debug|Any CPU
		{11EC055C-494E-4DF7-B63B-7EC77C8851EB}.Release|Any CPU.ActiveCfg = Release|Any CPU
		{11EC055C-494E-4DF7-B63B-7EC77C8851EB}.Release|Any CPU.Build.0 = Release|Any CPU
		{939B81D9-573C-477A-88D0-F9709583FA1B}.Debug|Any CPU.ActiveCfg = Debug|Any CPU
		{939B81D9-573C-477A-88D0-F9709583FA1B}.Debug|Any CPU.Build.0 = Debug|Any CPU
		{939B81D9-573C-477A-88D0-F9709583FA1B}.Release|Any CPU.ActiveCfg = Release|Any CPU
		{939B81D9-573C-477A-88D0-F9709583FA1B}.Release|Any CPU.Build.0 = Release|Any CPU
		{632FE025-0162-4BFE-B3D8-ABB085C6DC10}.Debug|Any CPU.ActiveCfg = Debug|Any CPU
		{632FE025-0162-4BFE-B3D8-ABB085C6DC10}.Debug|Any CPU.Build.0 = Debug|Any CPU
		{632FE025-0162-4BFE-B3D8-ABB085C6DC10}.Release|Any CPU.ActiveCfg = Release|Any CPU
		{632FE025-0162-4BFE-B3D8-ABB085C6DC10}.Release|Any CPU.Build.0 = Release|Any CPU
		{0ADA0276-DDA4-4B9E-94AC-AA5E11EA7803}.Debug|Any CPU.ActiveCfg = Debug|Any CPU
		{0ADA0276-DDA4-4B9E-94AC-AA5E11EA7803}.Debug|Any CPU.Build.0 = Debug|Any CPU
		{0ADA0276-DDA4-4B9E-94AC-AA5E11EA7803}.Release|Any CPU.ActiveCfg = Release|Any CPU
		{0ADA0276-DDA4-4B9E-94AC-AA5E11EA7803}.Release|Any CPU.Build.0 = Release|Any CPU
		{B3B04EBB-EE11-4D68-84A5-E1C663C07019}.Debug|Any CPU.ActiveCfg = Debug|Any CPU
		{B3B04EBB-EE11-4D68-84A5-E1C663C07019}.Debug|Any CPU.Build.0 = Debug|Any CPU
		{B3B04EBB-EE11-4D68-84A5-E1C663C07019}.Release|Any CPU.ActiveCfg = Release|Any CPU
		{B3B04EBB-EE11-4D68-84A5-E1C663C07019}.Release|Any CPU.Build.0 = Release|Any CPU
		{90889636-2583-4BD1-B608-4C19485FB71B}.Debug|Any CPU.ActiveCfg = Debug|Any CPU
		{90889636-2583-4BD1-B608-4C19485FB71B}.Debug|Any CPU.Build.0 = Debug|Any CPU
		{90889636-2583-4BD1-B608-4C19485FB71B}.Release|Any CPU.ActiveCfg = Release|Any CPU
		{90889636-2583-4BD1-B608-4C19485FB71B}.Release|Any CPU.Build.0 = Release|Any CPU
		{DE15C2AB-B129-4ECF-BE5A-F16D87B6143A}.Debug|Any CPU.ActiveCfg = Debug|Any CPU
		{DE15C2AB-B129-4ECF-BE5A-F16D87B6143A}.Debug|Any CPU.Build.0 = Debug|Any CPU
		{DE15C2AB-B129-4ECF-BE5A-F16D87B6143A}.Release|Any CPU.ActiveCfg = Release|Any CPU
		{DE15C2AB-B129-4ECF-BE5A-F16D87B6143A}.Release|Any CPU.Build.0 = Release|Any CPU
		{DC6E27F0-E650-471F-AE54-74585AEFCBD2}.Debug|Any CPU.ActiveCfg = Debug|Any CPU
		{DC6E27F0-E650-471F-AE54-74585AEFCBD2}.Debug|Any CPU.Build.0 = Debug|Any CPU
		{DC6E27F0-E650-471F-AE54-74585AEFCBD2}.Release|Any CPU.ActiveCfg = Release|Any CPU
		{DC6E27F0-E650-471F-AE54-74585AEFCBD2}.Release|Any CPU.Build.0 = Release|Any CPU
		{F32D75B9-660B-4611-A1F4-189E97AD7F9B}.Debug|Any CPU.ActiveCfg = Debug|Any CPU
		{F32D75B9-660B-4611-A1F4-189E97AD7F9B}.Debug|Any CPU.Build.0 = Debug|Any CPU
		{F32D75B9-660B-4611-A1F4-189E97AD7F9B}.Release|Any CPU.ActiveCfg = Release|Any CPU
		{F32D75B9-660B-4611-A1F4-189E97AD7F9B}.Release|Any CPU.Build.0 = Release|Any CPU
		{4FE60B99-76FD-487F-9A44-974227F82D26}.Debug|Any CPU.ActiveCfg = Debug|Any CPU
		{4FE60B99-76FD-487F-9A44-974227F82D26}.Debug|Any CPU.Build.0 = Debug|Any CPU
		{4FE60B99-76FD-487F-9A44-974227F82D26}.Release|Any CPU.ActiveCfg = Release|Any CPU
		{4FE60B99-76FD-487F-9A44-974227F82D26}.Release|Any CPU.Build.0 = Release|Any CPU
	EndGlobalSection
	GlobalSection(NestedProjects) = preSolution
		{46D3566C-FBBC-46BB-A9AB-454F348A003E} = {74D95657-7BC6-409F-8484-F963A128764A}
		{3B96CAE2-A6C0-4BA6-A21B-1CBFE6EF7A16} = {EA937CAB-A9B1-474E-BF2A-A45399561B2E}
		{E296D200-558C-4217-95C3-C239C88955D8} = {82050CA3-2111-49D6-B682-EA22191ADB99}
		{27A5C157-B595-4158-8D58-8E5559A14E39} = {E296D200-558C-4217-95C3-C239C88955D8}
		{7CD8650E-6358-40AB-9376-E0DB36B91C33} = {E296D200-558C-4217-95C3-C239C88955D8}
		{919C2EDB-72D7-476E-919F-521BCA6A2C90} = {E296D200-558C-4217-95C3-C239C88955D8}
		{FFE872A7-6686-4820-86F4-C081714CEFD8} = {E296D200-558C-4217-95C3-C239C88955D8}
		{4FC21B51-8DAB-487D-BF66-32E674417EAB} = {82050CA3-2111-49D6-B682-EA22191ADB99}
		{02272634-995C-44CE-B0E6-E9CFCDE21432} = {4FC21B51-8DAB-487D-BF66-32E674417EAB}
		{4DA1ECA1-5AAF-465D-A2C7-DECA20DC1065} = {4FC21B51-8DAB-487D-BF66-32E674417EAB}
		{7C107B4E-9BDE-4944-AAF3-EA8110D04F33} = {4FC21B51-8DAB-487D-BF66-32E674417EAB}
		{D662DB3B-CB78-49A1-B45B-E518746C4DAF} = {4FC21B51-8DAB-487D-BF66-32E674417EAB}
		{0A65B69F-AA07-4D3F-A57E-DD48ECB69836} = {FB1AF9E5-BBD2-4868-BE30-82B122903681}
		{123CE5C5-E0D2-4D24-9740-605209F3192D} = {FB1AF9E5-BBD2-4868-BE30-82B122903681}
		{C4593551-9871-43B0-A680-CB58E354314F} = {FB1AF9E5-BBD2-4868-BE30-82B122903681}
		{F853CFC9-797A-4AA1-B668-8665C096F1C6} = {FB1AF9E5-BBD2-4868-BE30-82B122903681}
		{53D4C3E9-9880-415D-A7BE-A68D1368AF9E} = {FB1AF9E5-BBD2-4868-BE30-82B122903681}
		{243CA81F-F6AB-4551-B7A1-BBF224400DF5} = {FB1AF9E5-BBD2-4868-BE30-82B122903681}
		{BC94D91D-BB50-49FF-8D1D-5799F754218B} = {FB1AF9E5-BBD2-4868-BE30-82B122903681}
		{A89563D9-AF2A-4FB9-A0C7-BA5BD173E10C} = {FB1AF9E5-BBD2-4868-BE30-82B122903681}
		{492A0574-1856-46CD-8DB7-6CF9FC37BC95} = {FB1AF9E5-BBD2-4868-BE30-82B122903681}
		{11DBFFA7-B411-41AE-BB47-E41D7DF775B0} = {FB1AF9E5-BBD2-4868-BE30-82B122903681}
		{11EC055C-494E-4DF7-B63B-7EC77C8851EB} = {FB1AF9E5-BBD2-4868-BE30-82B122903681}
		{939B81D9-573C-477A-88D0-F9709583FA1B} = {FB1AF9E5-BBD2-4868-BE30-82B122903681}
		{0ADA0276-DDA4-4B9E-94AC-AA5E11EA7803} = {FB1AF9E5-BBD2-4868-BE30-82B122903681}
		{632FE025-0162-4BFE-B3D8-ABB085C6DC10} = {FB1AF9E5-BBD2-4868-BE30-82B122903681}
		{B3B04EBB-EE11-4D68-84A5-E1C663C07019} = {FB1AF9E5-BBD2-4868-BE30-82B122903681}
		{90889636-2583-4BD1-B608-4C19485FB71B} = {FB1AF9E5-BBD2-4868-BE30-82B122903681}
		{DE15C2AB-B129-4ECF-BE5A-F16D87B6143A} = {FB1AF9E5-BBD2-4868-BE30-82B122903681}
		{DC6E27F0-E650-471F-AE54-74585AEFCBD2} = {FB1AF9E5-BBD2-4868-BE30-82B122903681}
		{F32D75B9-660B-4611-A1F4-189E97AD7F9B} = {FB1AF9E5-BBD2-4868-BE30-82B122903681}
	EndGlobalSection
EndGlobal
